// !$*UTF8*$!
{
	archiveVersion = 1;
	classes = {
	};
	objectVersion = 46;
	objects = {

/* Begin PBXBuildFile section */
		A358C9D11516FC290039B4DE /* Cocoa.framework in Frameworks */ = {isa = PBXBuildFile; fileRef = A358C9D01516FC290039B4DE /* Cocoa.framework */; };
		A358C9F21516FC2A0039B4DE /* SenTestingKit.framework in Frameworks */ = {isa = PBXBuildFile; fileRef = A358C9F11516FC2A0039B4DE /* SenTestingKit.framework */; };
		A358C9F31516FC2A0039B4DE /* Cocoa.framework in Frameworks */ = {isa = PBXBuildFile; fileRef = A358C9D01516FC290039B4DE /* Cocoa.framework */; };
		A358CA681517B2C20039B4DE /* Document.m in Sources */ = {isa = PBXBuildFile; fileRef = A358CA5B1517B2C20039B4DE /* Document.m */; };
		A358CA691517B2C20039B4DE /* Document.m in Sources */ = {isa = PBXBuildFile; fileRef = A358CA5B1517B2C20039B4DE /* Document.m */; };
		A358CA6A1517B2C20039B4DE /* Credits.rtf in Resources */ = {isa = PBXBuildFile; fileRef = A358CA5C1517B2C20039B4DE /* Credits.rtf */; };
		A358CA6C1517B2C20039B4DE /* Document.xib in Resources */ = {isa = PBXBuildFile; fileRef = A358CA5E1517B2C20039B4DE /* Document.xib */; };
		A358CA6D1517B2C20039B4DE /* Document.xib in Resources */ = {isa = PBXBuildFile; fileRef = A358CA5E1517B2C20039B4DE /* Document.xib */; };
		A358CA6E1517B2C20039B4DE /* InfoPlist.strings in Resources */ = {isa = PBXBuildFile; fileRef = A358CA601517B2C20039B4DE /* InfoPlist.strings */; };
		A358CA701517B2C20039B4DE /* MainMenu.xib in Resources */ = {isa = PBXBuildFile; fileRef = A358CA621517B2C20039B4DE /* MainMenu.xib */; };
		A358CA711517B2C20039B4DE /* MainMenu.xib in Resources */ = {isa = PBXBuildFile; fileRef = A358CA621517B2C20039B4DE /* MainMenu.xib */; };
		A358CA721517B2C20039B4DE /* main.m in Sources */ = {isa = PBXBuildFile; fileRef = A358CA641517B2C20039B4DE /* main.m */; };
		A358CA731517B2C20039B4DE /* main.m in Sources */ = {isa = PBXBuildFile; fileRef = A358CA641517B2C20039B4DE /* main.m */; };
		A358CA741517B2C20039B4DE /* WindowController.m in Sources */ = {isa = PBXBuildFile; fileRef = A358CA671517B2C20039B4DE /* WindowController.m */; };
		A358CA751517B2C20039B4DE /* WindowController.m in Sources */ = {isa = PBXBuildFile; fileRef = A358CA671517B2C20039B4DE /* WindowController.m */; };
		A358CA7B1517B2E80039B4DE /* InfoPlist.strings in Resources */ = {isa = PBXBuildFile; fileRef = A358CA771517B2E80039B4DE /* InfoPlist.strings */; };
		A358CA7C1517B2E80039B4DE /* TranslationMateTests.m in Sources */ = {isa = PBXBuildFile; fileRef = A358CA7A1517B2E80039B4DE /* TranslationMateTests.m */; };
		A358CA921517B65A0039B4DE /* InfoPlist.strings in Resources */ = {isa = PBXBuildFile; fileRef = A358CA601517B2C20039B4DE /* InfoPlist.strings */; };
/* End PBXBuildFile section */

/* Begin PBXContainerItemProxy section */
		A358C9F41516FC2A0039B4DE /* PBXContainerItemProxy */ = {
			isa = PBXContainerItemProxy;
			containerPortal = A358C9C31516FC290039B4DE /* Project object */;
			proxyType = 1;
			remoteGlobalIDString = A358C9CB1516FC290039B4DE;
			remoteInfo = TranslationMate;
		};
/* End PBXContainerItemProxy section */

/* Begin PBXFileReference section */
		A358C9CC1516FC290039B4DE /* TranslationMate.app */ = {isa = PBXFileReference; explicitFileType = wrapper.application; includeInIndex = 0; path = TranslationMate.app; sourceTree = BUILT_PRODUCTS_DIR; };
		A358C9D01516FC290039B4DE /* Cocoa.framework */ = {isa = PBXFileReference; lastKnownFileType = wrapper.framework; name = Cocoa.framework; path = System/Library/Frameworks/Cocoa.framework; sourceTree = SDKROOT; };
		A358C9D31516FC290039B4DE /* AppKit.framework */ = {isa = PBXFileReference; lastKnownFileType = wrapper.framework; name = AppKit.framework; path = System/Library/Frameworks/AppKit.framework; sourceTree = SDKROOT; };
		A358C9D41516FC290039B4DE /* CoreData.framework */ = {isa = PBXFileReference; lastKnownFileType = wrapper.framework; name = CoreData.framework; path = System/Library/Frameworks/CoreData.framework; sourceTree = SDKROOT; };
		A358C9D51516FC290039B4DE /* Foundation.framework */ = {isa = PBXFileReference; lastKnownFileType = wrapper.framework; name = Foundation.framework; path = System/Library/Frameworks/Foundation.framework; sourceTree = SDKROOT; };
		A358C9F01516FC2A0039B4DE /* TranslationMateTests.octest */ = {isa = PBXFileReference; explicitFileType = wrapper.cfbundle; includeInIndex = 0; path = TranslationMateTests.octest; sourceTree = BUILT_PRODUCTS_DIR; };
		A358C9F11516FC2A0039B4DE /* SenTestingKit.framework */ = {isa = PBXFileReference; lastKnownFileType = wrapper.framework; name = SenTestingKit.framework; path = Library/Frameworks/SenTestingKit.framework; sourceTree = DEVELOPER_DIR; };
		A358CA5A1517B2C20039B4DE /* Document.h */ = {isa = PBXFileReference; fileEncoding = 4; lastKnownFileType = sourcecode.c.h; path = Document.h; sourceTree = "<group>"; };
		A358CA5B1517B2C20039B4DE /* Document.m */ = {isa = PBXFileReference; fileEncoding = 4; lastKnownFileType = sourcecode.c.objc; path = Document.m; sourceTree = "<group>"; };
		A358CA5D1517B2C20039B4DE /* en */ = {isa = PBXFileReference; lastKnownFileType = text.rtf; name = en; path = en.lproj/Credits.rtf; sourceTree = "<group>"; };
		A358CA5F1517B2C20039B4DE /* en */ = {isa = PBXFileReference; lastKnownFileType = file.xib; name = en; path = en.lproj/Document.xib; sourceTree = "<group>"; };
		A358CA611517B2C20039B4DE /* en */ = {isa = PBXFileReference; lastKnownFileType = text.plist.strings; name = en; path = en.lproj/InfoPlist.strings; sourceTree = "<group>"; };
		A358CA631517B2C20039B4DE /* en */ = {isa = PBXFileReference; lastKnownFileType = file.xib; name = en; path = en.lproj/MainMenu.xib; sourceTree = "<group>"; };
		A358CA641517B2C20039B4DE /* main.m */ = {isa = PBXFileReference; fileEncoding = 4; lastKnownFileType = sourcecode.c.objc; path = main.m; sourceTree = "<group>"; };
		A358CA651517B2C20039B4DE /* TranslationMate-Prefix.pch */ = {isa = PBXFileReference; fileEncoding = 4; lastKnownFileType = sourcecode.c.h; path = "TranslationMate-Prefix.pch"; sourceTree = "<group>"; };
		A358CA661517B2C20039B4DE /* WindowController.h */ = {isa = PBXFileReference; fileEncoding = 4; lastKnownFileType = sourcecode.c.h; path = WindowController.h; sourceTree = "<group>"; };
		A358CA671517B2C20039B4DE /* WindowController.m */ = {isa = PBXFileReference; fileEncoding = 4; lastKnownFileType = sourcecode.c.objc; path = WindowController.m; sourceTree = "<group>"; };
		A358CA781517B2E80039B4DE /* en */ = {isa = PBXFileReference; lastKnownFileType = text.plist.strings; name = en; path = en.lproj/InfoPlist.strings; sourceTree = "<group>"; };
		A358CA791517B2E80039B4DE /* TranslationMateTests.h */ = {isa = PBXFileReference; fileEncoding = 4; lastKnownFileType = sourcecode.c.h; path = TranslationMateTests.h; sourceTree = "<group>"; };
		A358CA7A1517B2E80039B4DE /* TranslationMateTests.m */ = {isa = PBXFileReference; fileEncoding = 4; lastKnownFileType = sourcecode.c.objc; path = TranslationMateTests.m; sourceTree = "<group>"; };
		A358CA7E1517B2F60039B4DE /* TranslationMate-Info.plist */ = {isa = PBXFileReference; lastKnownFileType = text.plist.xml; path = "TranslationMate-Info.plist"; sourceTree = "<group>"; };
		A358CA7F1517B2F60039B4DE /* TranslationMateTests-Info.plist */ = {isa = PBXFileReference; lastKnownFileType = text.plist.xml; path = "TranslationMateTests-Info.plist"; sourceTree = "<group>"; };
/* End PBXFileReference section */

/* Begin PBXFrameworksBuildPhase section */
		A358C9C91516FC290039B4DE /* Frameworks */ = {
			isa = PBXFrameworksBuildPhase;
			buildActionMask = 2147483647;
			files = (
				A358C9D11516FC290039B4DE /* Cocoa.framework in Frameworks */,
			);
			runOnlyForDeploymentPostprocessing = 0;
		};
		A358C9EC1516FC2A0039B4DE /* Frameworks */ = {
			isa = PBXFrameworksBuildPhase;
			buildActionMask = 2147483647;
			files = (
				A358C9F21516FC2A0039B4DE /* SenTestingKit.framework in Frameworks */,
				A358C9F31516FC2A0039B4DE /* Cocoa.framework in Frameworks */,
			);
			runOnlyForDeploymentPostprocessing = 0;
		};
/* End PBXFrameworksBuildPhase section */

/* Begin PBXGroup section */
		A358C9C11516FC290039B4DE = {
			isa = PBXGroup;
			children = (
				A358CA591517B2C20039B4DE /* src */,
				A358CA761517B2E80039B4DE /* test */,
				A358CA7D1517B2F60039B4DE /* resources */,
				A358C9CF1516FC290039B4DE /* frameworks */,
				A358C9CD1516FC290039B4DE /* products */,
			);
			sourceTree = "<group>";
		};
		A358C9CD1516FC290039B4DE /* products */ = {
			isa = PBXGroup;
			children = (
				A358C9CC1516FC290039B4DE /* TranslationMate.app */,
				A358C9F01516FC2A0039B4DE /* TranslationMateTests.octest */,
			);
			name = products;
			sourceTree = "<group>";
		};
		A358C9CF1516FC290039B4DE /* frameworks */ = {
			isa = PBXGroup;
			children = (
				A358C9D31516FC290039B4DE /* AppKit.framework */,
				A358C9D41516FC290039B4DE /* CoreData.framework */,
				A358C9D51516FC290039B4DE /* Foundation.framework */,
				A358C9D01516FC290039B4DE /* Cocoa.framework */,
				A358C9F11516FC2A0039B4DE /* SenTestingKit.framework */,
			);
			name = frameworks;
			sourceTree = "<group>";
		};
		A358CA591517B2C20039B4DE /* src */ = {
			isa = PBXGroup;
			children = (
				A358CA831517B44F0039B4DE /* controllers */,
				A358CA811517B4420039B4DE /* nibs */,
				A358CA801517B3470039B4DE /* others */,
			);
			path = src;
			sourceTree = "<group>";
		};
		A358CA761517B2E80039B4DE /* test */ = {
			isa = PBXGroup;
			children = (
				A358CA771517B2E80039B4DE /* InfoPlist.strings */,
				A358CA791517B2E80039B4DE /* TranslationMateTests.h */,
				A358CA7A1517B2E80039B4DE /* TranslationMateTests.m */,
			);
			path = test;
			sourceTree = "<group>";
		};
		A358CA7D1517B2F60039B4DE /* resources */ = {
			isa = PBXGroup;
			children = (
				A358CA7E1517B2F60039B4DE /* TranslationMate-Info.plist */,
				A358CA7F1517B2F60039B4DE /* TranslationMateTests-Info.plist */,
			);
			path = resources;
			sourceTree = "<group>";
		};
		A358CA801517B3470039B4DE /* others */ = {
			isa = PBXGroup;
			children = (
				A358CA5C1517B2C20039B4DE /* Credits.rtf */,
				A358CA601517B2C20039B4DE /* InfoPlist.strings */,
				A358CA641517B2C20039B4DE /* main.m */,
				A358CA651517B2C20039B4DE /* TranslationMate-Prefix.pch */,
			);
			name = others;
			sourceTree = "<group>";
		};
		A358CA811517B4420039B4DE /* nibs */ = {
			isa = PBXGroup;
			children = (
				A358CA5E1517B2C20039B4DE /* Document.xib */,
				A358CA621517B2C20039B4DE /* MainMenu.xib */,
			);
			name = nibs;
			sourceTree = "<group>";
		};
		A358CA831517B44F0039B4DE /* controllers */ = {
			isa = PBXGroup;
			children = (
				A358CA5A1517B2C20039B4DE /* Document.h */,
				A358CA5B1517B2C20039B4DE /* Document.m */,
				A358CA661517B2C20039B4DE /* WindowController.h */,
				A358CA671517B2C20039B4DE /* WindowController.m */,
			);
			name = controllers;
			sourceTree = "<group>";
		};
/* End PBXGroup section */

/* Begin PBXNativeTarget section */
		A358C9CB1516FC290039B4DE /* TranslationMate */ = {
			isa = PBXNativeTarget;
			buildConfigurationList = A358CA011516FC2A0039B4DE /* Build configuration list for PBXNativeTarget "TranslationMate" */;
			buildPhases = (
				A358C9C81516FC290039B4DE /* Sources */,
				A358C9C91516FC290039B4DE /* Frameworks */,
				A358C9CA1516FC290039B4DE /* Resources */,
			);
			buildRules = (
			);
			dependencies = (
			);
			name = TranslationMate;
			productName = TranslationMate;
			productReference = A358C9CC1516FC290039B4DE /* TranslationMate.app */;
			productType = "com.apple.product-type.application";
		};
		A358C9EF1516FC2A0039B4DE /* TranslationMateTests */ = {
			isa = PBXNativeTarget;
			buildConfigurationList = A358CA041516FC2A0039B4DE /* Build configuration list for PBXNativeTarget "TranslationMateTests" */;
			buildPhases = (
				A358C9EB1516FC2A0039B4DE /* Sources */,
				A358C9EC1516FC2A0039B4DE /* Frameworks */,
				A358C9ED1516FC2A0039B4DE /* Resources */,
				A358C9EE1516FC2A0039B4DE /* ShellScript */,
			);
			buildRules = (
			);
			dependencies = (
				A358C9F51516FC2A0039B4DE /* PBXTargetDependency */,
			);
			name = TranslationMateTests;
			productName = TranslationMateTests;
			productReference = A358C9F01516FC2A0039B4DE /* TranslationMateTests.octest */;
			productType = "com.apple.product-type.bundle";
		};
/* End PBXNativeTarget section */

/* Begin PBXProject section */
		A358C9C31516FC290039B4DE /* Project object */ = {
			isa = PBXProject;
			attributes = {
				LastUpgradeCheck = 0430;
				ORGANIZATIONNAME = ThoughtWorks;
			};
			buildConfigurationList = A358C9C61516FC290039B4DE /* Build configuration list for PBXProject "TranslationMate" */;
			compatibilityVersion = "Xcode 3.2";
			developmentRegion = English;
			hasScannedForEncodings = 0;
			knownRegions = (
				en,
			);
			mainGroup = A358C9C11516FC290039B4DE;
			productRefGroup = A358C9CD1516FC290039B4DE /* products */;
			projectDirPath = "";
			projectRoot = "";
			targets = (
				A358C9CB1516FC290039B4DE /* TranslationMate */,
				A358C9EF1516FC2A0039B4DE /* TranslationMateTests */,
			);
		};
/* End PBXProject section */

/* Begin PBXResourcesBuildPhase section */
		A358C9CA1516FC290039B4DE /* Resources */ = {
			isa = PBXResourcesBuildPhase;
			buildActionMask = 2147483647;
			files = (
				A358CA6A1517B2C20039B4DE /* Credits.rtf in Resources */,
				A358CA6C1517B2C20039B4DE /* Document.xib in Resources */,
				A358CA6E1517B2C20039B4DE /* InfoPlist.strings in Resources */,
				A358CA701517B2C20039B4DE /* MainMenu.xib in Resources */,
			);
			runOnlyForDeploymentPostprocessing = 0;
		};
		A358C9ED1516FC2A0039B4DE /* Resources */ = {
			isa = PBXResourcesBuildPhase;
			buildActionMask = 2147483647;
			files = (
				A358CA6D1517B2C20039B4DE /* Document.xib in Resources */,
				A358CA711517B2C20039B4DE /* MainMenu.xib in Resources */,
				A358CA7B1517B2E80039B4DE /* InfoPlist.strings in Resources */,
				A358CA921517B65A0039B4DE /* InfoPlist.strings in Resources */,
			);
			runOnlyForDeploymentPostprocessing = 0;
		};
/* End PBXResourcesBuildPhase section */

/* Begin PBXShellScriptBuildPhase section */
		A358C9EE1516FC2A0039B4DE /* ShellScript */ = {
			isa = PBXShellScriptBuildPhase;
			buildActionMask = 2147483647;
			files = (
			);
			inputPaths = (
			);
			outputPaths = (
			);
			runOnlyForDeploymentPostprocessing = 0;
			shellPath = /bin/sh;
			shellScript = "# Run the unit tests in this test bundle.\n\"${SYSTEM_DEVELOPER_DIR}/Tools/RunUnitTests\"\n";
		};
/* End PBXShellScriptBuildPhase section */

/* Begin PBXSourcesBuildPhase section */
		A358C9C81516FC290039B4DE /* Sources */ = {
			isa = PBXSourcesBuildPhase;
			buildActionMask = 2147483647;
			files = (
				A358CA681517B2C20039B4DE /* Document.m in Sources */,
				A358CA721517B2C20039B4DE /* main.m in Sources */,
				A358CA741517B2C20039B4DE /* WindowController.m in Sources */,
			);
			runOnlyForDeploymentPostprocessing = 0;
		};
		A358C9EB1516FC2A0039B4DE /* Sources */ = {
			isa = PBXSourcesBuildPhase;
			buildActionMask = 2147483647;
			files = (
				A358CA691517B2C20039B4DE /* Document.m in Sources */,
				A358CA731517B2C20039B4DE /* main.m in Sources */,
				A358CA751517B2C20039B4DE /* WindowController.m in Sources */,
				A358CA7C1517B2E80039B4DE /* TranslationMateTests.m in Sources */,
			);
			runOnlyForDeploymentPostprocessing = 0;
		};
/* End PBXSourcesBuildPhase section */

/* Begin PBXTargetDependency section */
		A358C9F51516FC2A0039B4DE /* PBXTargetDependency */ = {
			isa = PBXTargetDependency;
			target = A358C9CB1516FC290039B4DE /* TranslationMate */;
			targetProxy = A358C9F41516FC2A0039B4DE /* PBXContainerItemProxy */;
		};
/* End PBXTargetDependency section */

/* Begin PBXVariantGroup section */
		A358CA5C1517B2C20039B4DE /* Credits.rtf */ = {
			isa = PBXVariantGroup;
			children = (
				A358CA5D1517B2C20039B4DE /* en */,
			);
			name = Credits.rtf;
			sourceTree = "<group>";
		};
		A358CA5E1517B2C20039B4DE /* Document.xib */ = {
			isa = PBXVariantGroup;
			children = (
				A358CA5F1517B2C20039B4DE /* en */,
			);
			name = Document.xib;
			sourceTree = "<group>";
		};
		A358CA601517B2C20039B4DE /* InfoPlist.strings */ = {
			isa = PBXVariantGroup;
			children = (
				A358CA611517B2C20039B4DE /* en */,
			);
			name = InfoPlist.strings;
			sourceTree = "<group>";
		};
		A358CA621517B2C20039B4DE /* MainMenu.xib */ = {
			isa = PBXVariantGroup;
			children = (
				A358CA631517B2C20039B4DE /* en */,
			);
			name = MainMenu.xib;
			sourceTree = "<group>";
		};
		A358CA771517B2E80039B4DE /* InfoPlist.strings */ = {
			isa = PBXVariantGroup;
			children = (
				A358CA781517B2E80039B4DE /* en */,
			);
			name = InfoPlist.strings;
			sourceTree = "<group>";
		};
/* End PBXVariantGroup section */

/* Begin XCBuildConfiguration section */
		A358C9FF1516FC2A0039B4DE /* Debug */ = {
			isa = XCBuildConfiguration;
			buildSettings = {
				ALWAYS_SEARCH_USER_PATHS = NO;
				ARCHS = "$(ARCHS_STANDARD_64_BIT)";
				CLANG_ENABLE_OBJC_ARC = YES;
				COPY_PHASE_STRIP = NO;
				GCC_C_LANGUAGE_STANDARD = gnu99;
				GCC_DYNAMIC_NO_PIC = NO;
				GCC_ENABLE_OBJC_EXCEPTIONS = YES;
				GCC_OPTIMIZATION_LEVEL = 0;
				GCC_PREPROCESSOR_DEFINITIONS = (
					"DEBUG=1",
					"$(inherited)",
				);
				GCC_SYMBOLS_PRIVATE_EXTERN = NO;
				GCC_VERSION = com.apple.compilers.llvm.clang.1_0;
				GCC_WARN_64_TO_32_BIT_CONVERSION = YES;
				GCC_WARN_ABOUT_RETURN_TYPE = YES;
				GCC_WARN_UNINITIALIZED_AUTOS = YES;
				GCC_WARN_UNUSED_VARIABLE = YES;
				MACOSX_DEPLOYMENT_TARGET = 10.7;
				ONLY_ACTIVE_ARCH = YES;
				SDKROOT = macosx;
			};
			name = Debug;
		};
		A358CA001516FC2A0039B4DE /* Release */ = {
			isa = XCBuildConfiguration;
			buildSettings = {
				ALWAYS_SEARCH_USER_PATHS = NO;
				ARCHS = "$(ARCHS_STANDARD_64_BIT)";
				CLANG_ENABLE_OBJC_ARC = YES;
				COPY_PHASE_STRIP = YES;
				DEBUG_INFORMATION_FORMAT = "dwarf-with-dsym";
				GCC_C_LANGUAGE_STANDARD = gnu99;
				GCC_ENABLE_OBJC_EXCEPTIONS = YES;
				GCC_VERSION = com.apple.compilers.llvm.clang.1_0;
				GCC_WARN_64_TO_32_BIT_CONVERSION = YES;
				GCC_WARN_ABOUT_RETURN_TYPE = YES;
				GCC_WARN_UNINITIALIZED_AUTOS = YES;
				GCC_WARN_UNUSED_VARIABLE = YES;
				MACOSX_DEPLOYMENT_TARGET = 10.7;
				SDKROOT = macosx;
			};
			name = Release;
		};
		A358CA021516FC2A0039B4DE /* Debug */ = {
			isa = XCBuildConfiguration;
			buildSettings = {
				GCC_PRECOMPILE_PREFIX_HEADER = YES;
				GCC_PREFIX_HEADER = "src/TranslationMate-Prefix.pch";
				INFOPLIST_FILE = "resources/TranslationMate-Info.plist";
				PRODUCT_NAME = "$(TARGET_NAME)";
				WRAPPER_EXTENSION = app;
			};
			name = Debug;
		};
		A358CA031516FC2A0039B4DE /* Release */ = {
			isa = XCBuildConfiguration;
			buildSettings = {
				GCC_PRECOMPILE_PREFIX_HEADER = YES;
				GCC_PREFIX_HEADER = "src/TranslationMate-Prefix.pch";
				INFOPLIST_FILE = "resources/TranslationMate-Info.plist";
				PRODUCT_NAME = "$(TARGET_NAME)";
				WRAPPER_EXTENSION = app;
			};
			name = Release;
		};
		A358CA051516FC2A0039B4DE /* Debug */ = {
			isa = XCBuildConfiguration;
			buildSettings = {
				BUNDLE_LOADER = "$(BUILT_PRODUCTS_DIR)/TranslationMate.app/Contents/MacOS/TranslationMate";
				FRAMEWORK_SEARCH_PATHS = "$(DEVELOPER_LIBRARY_DIR)/Frameworks";
				GCC_PRECOMPILE_PREFIX_HEADER = YES;
				GCC_PREFIX_HEADER = "src/TranslationMate-Prefix.pch";
				INFOPLIST_FILE = "resources/TranslationMateTests-Info.plist";
				PRODUCT_NAME = "$(TARGET_NAME)";
				TEST_HOST = "$(BUNDLE_LOADER)";
				WRAPPER_EXTENSION = octest;
			};
			name = Debug;
		};
		A358CA061516FC2A0039B4DE /* Release */ = {
			isa = XCBuildConfiguration;
			buildSettings = {
				BUNDLE_LOADER = "$(BUILT_PRODUCTS_DIR)/TranslationMate.app/Contents/MacOS/TranslationMate";
				FRAMEWORK_SEARCH_PATHS = "$(DEVELOPER_LIBRARY_DIR)/Frameworks";
				GCC_PRECOMPILE_PREFIX_HEADER = YES;
				GCC_PREFIX_HEADER = "src/TranslationMate-Prefix.pch";
				INFOPLIST_FILE = "resources/TranslationMateTests-Info.plist";
				PRODUCT_NAME = "$(TARGET_NAME)";
				TEST_HOST = "$(BUNDLE_LOADER)";
				WRAPPER_EXTENSION = octest;
			};
			name = Release;
		};
/* End XCBuildConfiguration section */

/* Begin XCConfigurationList section */
		A358C9C61516FC290039B4DE /* Build configuration list for PBXProject "TranslationMate" */ = {
			isa = XCConfigurationList;
			buildConfigurations = (
				A358C9FF1516FC2A0039B4DE /* Debug */,
				A358CA001516FC2A0039B4DE /* Release */,
			);
			defaultConfigurationIsVisible = 0;
			defaultConfigurationName = Release;
		};
		A358CA011516FC2A0039B4DE /* Build configuration list for PBXNativeTarget "TranslationMate" */ = {
			isa = XCConfigurationList;
			buildConfigurations = (
				A358CA021516FC2A0039B4DE /* Debug */,
				A358CA031516FC2A0039B4DE /* Release */,
			);
			defaultConfigurationIsVisible = 0;
			defaultConfigurationName = Release;
		};
		A358CA041516FC2A0039B4DE /* Build configuration list for PBXNativeTarget "TranslationMateTests" */ = {
			isa = XCConfigurationList;
			buildConfigurations = (
				A358CA051516FC2A0039B4DE /* Debug */,
				A358CA061516FC2A0039B4DE /* Release */,
			);
			defaultConfigurationIsVisible = 0;
			defaultConfigurationName = Release;
		};
/* End XCConfigurationList section */
	};
	rootObject = A358C9C31516FC290039B4DE /* Project object */;
}
